lockfileVersion: '9.0'

settings:
  autoInstallPeers: true
  excludeLinksFromLockfile: false

importers:

  .:
    dependencies:
      '@hono/node-server':
        specifier: ^2.0.10
        version: 2.0.10(hono@4.12.31)
      hono:
        specifier: ^4.12.31
        version: 4.12.31

packages:

  '@hono/node-server@2.0.10':
    resolution: {integrity: sha512-ZcnNVhKTmyDJeg0UlnZjvM73JBsTAuhrH/J4fjwGOw59PwOW51r4J+p6CsKZWXdKSme4MFqU62CZMOsdDrU4CA==}
    engines: {node: '>=20'}
    peerDependencies:
      hono: ^4

  hono@4.12.31:
    resolution: {integrity: sha512-zJIHFrl6bq3RDd2YusFNCDlM8qUprxKswyi/OPzPyzKDdyBXDqWx8bZlZ7R+saTdSTatUmb3O7K4SspGPaEOQg==}
    engines: {node: '>=16.9.0'}

snapshots:

  '@hono/node-server@2.0.10(hono@4.12.31)':
    dependencies:
      hono: 4.12.31

  hono@4.12.31: {}
